
Microsoft Visual Studio Solution File, Format Version 12.00
# Visual Studio Version 16
VisualStudioVersion = 16.0.29306.81
MinimumVisualStudioVersion = 10.0.40219.1
Project("{FAE04EC0-301F-11D3-BF4B-00C04F79EFBC}") = "hw4", "hw4.csproj", "{2D8D1F87-F797-4372-9EEB-A974C911626D}"
EndProject
Global
	GlobalSection(SolutionConfigurationPlatforms) = preSolution
		Debug|Any CPU = Debug|Any CPU
		Release|Any CPU = Release|Any CPU
	EndGlobalSection
	GlobalSection(ProjectConfigurationPlatforms) = postSolution
		{2D8D1F87-F797-4372-9EEB-A974C911626D}.Debug|Any CPU.ActiveCfg = Debug|Any CPU
		{2D8D1F87-F797-4372-9EEB-A974C911626D}.Debug|Any CPU.Build.0 = Debug|Any CPU
		{2D8D1F87-F797-4372-9EEB-A974C911626D}.Release|Any CPU.ActiveCfg = Release|Any CPU
		{2D8D1F87-F797-4372-9EEB-A974C911626D}.Release|Any CPU.Build.0 = Release|Any CPU
	EndGlobalSection
	GlobalSection(SolutionProperties) = preSolution
		HideSolutionNode = FALSE
	EndGlobalSection
	GlobalSection(ExtensibilityGlobals) = postSolution
		SolutionGuid = {E73D636D-EABC-456C-A1E7-E12A12D63185}
	EndGlobalSection
EndGlobal
